
Microsoft Visual Studio Solution File, Format Version 12.00
# Visual Studio Version 16
VisualStudioVersion = 16.0.30611.23
MinimumVisualStudioVersion = 10.0.40219.1
Project("{FAE04EC0-301F-11D3-BF4B-00C04F79EFBC}") = "Api tutorial", "Api tutorial\Api tutorial.csproj", "{279203C0-3A87-442A-B844-DAEF680284D3}"
EndProject
Global
	GlobalSection(SolutionConfigurationPlatforms) = preSolution
		Debug|Any CPU = Debug|Any CPU
		Release|Any CPU = Release|Any CPU
	EndGlobalSection
	GlobalSection(ProjectConfigurationPlatforms) = postSolution
		{279203C0-3A87-442A-B844-DAEF680284D3}.Debug|Any CPU.ActiveCfg = Debug|Any CPU
		{279203C0-3A87-442A-B844-DAEF680284D3}.Debug|Any CPU.Build.0 = Debug|Any CPU
		{279203C0-3A87-442A-B844-DAEF680284D3}.Release|Any CPU.ActiveCfg = Release|Any CPU
		{279203C0-3A87-442A-B844-DAEF680284D3}.Release|Any CPU.Build.0 = Release|Any CPU
	EndGlobalSection
	GlobalSection(SolutionProperties) = preSolution
		HideSolutionNode = FALSE
	EndGlobalSection
	GlobalSection(ExtensibilityGlobals) = postSolution
		SolutionGuid = {86F24966-5ABB-4303-BD08-05C59BBDE6D8}
	EndGlobalSection
EndGlobal
